<?xml version="1.0" encoding="utf-8"?>
<Project ToolsVersion="4.0" xmlns="http://schemas.microsoft.com/developer/msbuild/2003">
  <ItemGroup>
    <Filter Include="Source Files">
      <UniqueIdentifier>{fb89419c-5cd0-4aa5-aee5-6ebec03093ab}</UniqueIdentifier>
    </Filter>
    <Filter Include="Header Files">
      <UniqueIdentifier>{2a49a086-eeb4-41da-8137-5b8ed9aeac53}</UniqueIdentifier>
    </Filter>
    <Filter Include="Source Files\Players">
      <UniqueIdentifier>{0e493174-92d2-4aca-9b36-e8ea95616083}</UniqueIdentifier>
    </Filter>
    <Filter Include="Header Files\Players">
      <UniqueIdentifier>{faa68c74-c33e-4f48-830c-8bd2a995328b}</UniqueIdentifier>
    </Filter>
    <Filter Include="Source Files\Packets">
      <UniqueIdentifier>{be45f708-2c4c-4ea9-b460-83fd26d37c43}</UniqueIdentifier>
    </Filter>
    <Filter Include="Source Files\Mobs">
      <UniqueIdentifier>{115a72ec-7d76-4875-a4c5-402da51d369c}</UniqueIdentifier>
    </Filter>
    <Filter Include="Source Files\Helper">
      <UniqueIdentifier>{fa3921eb-3326-4cd6-baad-592be3b1ee37}</UniqueIdentifier>
    </Filter>
    <Filter Include="Header Files\Mobs">
      <UniqueIdentifier>{94755faf-2dfa-489a-9d23-5a815e0c01ca}</UniqueIdentifier>
    </Filter>
    <Filter Include="Header Files\Helper">
      <UniqueIdentifier>{7aba1fa9-2a36-4fc8-8ddb-de28073ac319}</UniqueIdentifier>
    </Filter>
    <Filter Include="Header Files\Packets">
      <UniqueIdentifier>{2dd5c68f-071c-42fe-a80d-7ddc64ae9052}</UniqueIdentifier>
    </Filter>
    <Filter Include="Source Files\NewTables">
      <UniqueIdentifier>{e0f89537-f0f9-4dc3-8143-dd757f531669}</UniqueIdentifier>
    </Filter>
    <Filter Include="Header Files\NewTable">
      <UniqueIdentifier>{e4427943-01be-4770-bff2-447805524dd1}</UniqueIdentifier>
    </Filter>
  </ItemGroup>
  <ItemGroup>
    <ClCompile Include="GameServer.cpp">
      <Filter>Source Files</Filter>
    </ClCompile>
    <ClCompile Include="main.cpp">
      <Filter>Source Files</Filter>
    </ClCompile>
    <ClCompile Include="Attributes.cpp">
      <Filter>Source Files\Players</Filter>
    </ClCompile>
    <ClCompile Include="Inventory.cpp">
      <Filter>Source Files\Players</Filter>
    </ClCompile>
    <ClCompile Include="MainClass.cpp">
      <Filter>Source Files\Players</Filter>
    </ClCompile>
    <ClCompile Include="SkillsQS.cpp">
      <Filter>Source Files\Players</Filter>
    </ClCompile>
    <ClCompile Include="NtlPacketGU.cpp">
      <Filter>Source Files\Packets</Filter>
    </ClCompile>
    <ClCompile Include="NtlPacketUG.cpp">
      <Filter>Source Files\Packets</Filter>
    </ClCompile>
    <ClCompile Include="MobActivity.cpp">
      <Filter>Source Files\Mobs</Filter>
    </ClCompile>
    <ClCompile Include="GsFunctions.cpp">
      <Filter>Source Files\Helper</Filter>
    </ClCompile>
    <ClCompile Include="AdmFunctions.cpp">
      <Filter>Source Files\Helper</Filter>
    </ClCompile>
    <ClCompile Include="QueryClass.cpp">
      <Filter>Source Files\Helper</Filter>
    </ClCompile>
    <ClCompile Include="PlayerParty.cpp">
      <Filter>Source Files\Players</Filter>
    </ClCompile>
    <ClCompile Include="stdafx.cpp">
      <Filter>Source Files\Helper</Filter>
    </ClCompile>
    <ClCompile Include="PacketGameServer.cpp">
      <Filter>Source Files\Packets</Filter>
    </ClCompile>
    <ClCompile Include="PlayerManager.cpp">
      <Filter>Source Files\Players</Filter>
    </ClCompile>
    <ClCompile Include="MobManager.cpp">
      <Filter>Source Files\Mobs</Filter>
    </ClCompile>
    <ClCompile Include="TLQHandler.cpp">
      <Filter>Source Files\Helper</Filter>
    </ClCompile>
  </ItemGroup>
  <ItemGroup>
    <ClInclude Include="main.h">
      <Filter>Header Files</Filter>
    </ClInclude>
    <ClInclude Include="GameServer.h">
      <Filter>Header Files</Filter>
    </ClInclude>
    <ClInclude Include="Attributes.h">
      <Filter>Header Files\Players</Filter>
    </ClInclude>
    <ClInclude Include="Inventory.h">
      <Filter>Header Files\Players</Filter>
    </ClInclude>
    <ClInclude Include="MainClass.h">
      <Filter>Header Files\Players</Filter>
    </ClInclude>
    <ClInclude Include="SkillsQS.h">
      <Filter>Header Files\Players</Filter>
    </ClInclude>
    <ClInclude Include="NtlPacketGU.h">
      <Filter>Header Files\Packets</Filter>
    </ClInclude>
    <ClInclude Include="NtlPacketUG.h">
      <Filter>Header Files\Packets</Filter>
    </ClInclude>
    <ClInclude Include="AdmFunctions.h">
      <Filter>Header Files\Helper</Filter>
    </ClInclude>
    <ClInclude Include="GsFunctions.h">
      <Filter>Header Files\Helper</Filter>
    </ClInclude>
    <ClInclude Include="MobActivity.h">
      <Filter>Header Files\Mobs</Filter>
    </ClInclude>
    <ClInclude Include="PlayerParty.h">
      <Filter>Header Files\Players</Filter>
    </ClInclude>
    <ClInclude Include="QueryClass.h">
      <Filter>Header Files\Helper</Filter>
    </ClInclude>
    <ClInclude Include="stdafx.h">
      <Filter>Header Files\Helper</Filter>
    </ClInclude>
    <ClInclude Include="PacketGameServer.h">
      <Filter>Header Files\Packets</Filter>
    </ClInclude>
    <ClInclude Include="PlayerManager.h">
      <Filter>Header Files\Players</Filter>
    </ClInclude>
    <ClInclude Include="MobManager.h">
      <Filter>Header Files\Mobs</Filter>
    </ClInclude>
    <ClInclude Include="MonsterClass.h">
      <Filter>Header Files\Mobs</Filter>
    </ClInclude>
    <ClInclude Include="TLQHandler.h">
      <Filter>Header Files\Helper</Filter>
    </ClInclude>
  </ItemGroup>
</Project>